
Microsoft Visual Studio Solution File, Format Version 11.00
# Visual Studio 2010
Project("{FAE04EC0-301F-11D3-BF4B-00C04F79EFBC}") = "AeonFlux", "AeonFlux\AeonFlux.csproj", "{9DDF6B35-C43E-4310-9FAA-F43A9EC73A3D}"
EndProject
Project("{FAE04EC0-301F-11D3-BF4B-00C04F79EFBC}") = "AeonFlux.Tests", "AeonFlux.Tests\AeonFlux.Tests.csproj", "{46196844-9C32-40AC-BF6A-B5EBFCDF79F1}"
EndProject
Project("{2150E333-8FDC-42A3-9474-1A3956D46DE8}") = ".nuget", ".nuget", "{57D6F253-15EA-4FAB-A46C-BE8148E36502}"
	ProjectSection(SolutionItems) = preProject
		.nuget\NuGet.Config = .nuget\NuGet.Config
		.nuget\NuGet.exe = .nuget\NuGet.exe
		.nuget\NuGet.targets = .nuget\NuGet.targets
	EndProjectSection
EndProject
Global
	GlobalSection(SolutionConfigurationPlatforms) = preSolution
		Debug|Any CPU = Debug|Any CPU
		Release|Any CPU = Release|Any CPU
	EndGlobalSection
	GlobalSection(ProjectConfigurationPlatforms) = postSolution
		{9DDF6B35-C43E-4310-9FAA-F43A9EC73A3D}.Debug|Any CPU.ActiveCfg = Debug|Any CPU
		{9DDF6B35-C43E-4310-9FAA-F43A9EC73A3D}.Debug|Any CPU.Build.0 = Debug|Any CPU
		{9DDF6B35-C43E-4310-9FAA-F43A9EC73A3D}.Release|Any CPU.ActiveCfg = Release|Any CPU
		{9DDF6B35-C43E-4310-9FAA-F43A9EC73A3D}.Release|Any CPU.Build.0 = Release|Any CPU
		{46196844-9C32-40AC-BF6A-B5EBFCDF79F1}.Debug|Any CPU.ActiveCfg = Debug|Any CPU
		{46196844-9C32-40AC-BF6A-B5EBFCDF79F1}.Debug|Any CPU.Build.0 = Debug|Any CPU
		{46196844-9C32-40AC-BF6A-B5EBFCDF79F1}.Release|Any CPU.ActiveCfg = Release|Any CPU
		{46196844-9C32-40AC-BF6A-B5EBFCDF79F1}.Release|Any CPU.Build.0 = Release|Any CPU
	EndGlobalSection
	GlobalSection(SolutionProperties) = preSolution
		HideSolutionNode = FALSE
	EndGlobalSection
EndGlobal
